
Microsoft Visual Studio Solution File, Format Version 12.00
# Visual Studio Version 16
VisualStudioVersion = 16.0.29009.5
MinimumVisualStudioVersion = 10.0.40219.1
Project("{FAE04EC0-301F-11D3-BF4B-00C04F79EFBC}") = "Plugin", "Plugin\Plugin.csproj", "{A942F2A8-675C-47A1-AE73-2DF58CA5B15D}"
EndProject
Project("{FAE04EC0-301F-11D3-BF4B-00C04F79EFBC}") = "Website", "Website\Website.csproj", "{8FA43DDD-677F-4460-85DF-E5D173ACBC9E}"
EndProject
Project("{FAE04EC0-301F-11D3-BF4B-00C04F79EFBC}") = "Customworkflows", "Customworkflows\Customworkflows.csproj", "{9C1C2271-166F-4CBE-96FC-88E5DBB546AB}"
EndProject
Global
	GlobalSection(SolutionConfigurationPlatforms) = preSolution
		Debug|Any CPU = Debug|Any CPU
		Release|Any CPU = Release|Any CPU
	EndGlobalSection
	GlobalSection(ProjectConfigurationPlatforms) = postSolution
		{A942F2A8-675C-47A1-AE73-2DF58CA5B15D}.Debug|Any CPU.ActiveCfg = Debug|Any CPU
		{A942F2A8-675C-47A1-AE73-2DF58CA5B15D}.Debug|Any CPU.Build.0 = Debug|Any CPU
		{A942F2A8-675C-47A1-AE73-2DF58CA5B15D}.Release|Any CPU.ActiveCfg = Release|Any CPU
		{A942F2A8-675C-47A1-AE73-2DF58CA5B15D}.Release|Any CPU.Build.0 = Release|Any CPU
		{8FA43DDD-677F-4460-85DF-E5D173ACBC9E}.Debug|Any CPU.ActiveCfg = Debug|Any CPU
		{8FA43DDD-677F-4460-85DF-E5D173ACBC9E}.Debug|Any CPU.Build.0 = Debug|Any CPU
		{8FA43DDD-677F-4460-85DF-E5D173ACBC9E}.Release|Any CPU.ActiveCfg = Release|Any CPU
		{8FA43DDD-677F-4460-85DF-E5D173ACBC9E}.Release|Any CPU.Build.0 = Release|Any CPU
		{9C1C2271-166F-4CBE-96FC-88E5DBB546AB}.Debug|Any CPU.ActiveCfg = Debug|Any CPU
		{9C1C2271-166F-4CBE-96FC-88E5DBB546AB}.Debug|Any CPU.Build.0 = Debug|Any CPU
		{9C1C2271-166F-4CBE-96FC-88E5DBB546AB}.Release|Any CPU.ActiveCfg = Release|Any CPU
		{9C1C2271-166F-4CBE-96FC-88E5DBB546AB}.Release|Any CPU.Build.0 = Release|Any CPU
	EndGlobalSection
	GlobalSection(SolutionProperties) = preSolution
		HideSolutionNode = FALSE
	EndGlobalSection
	GlobalSection(ExtensibilityGlobals) = postSolution
		SolutionGuid = {9F7FA013-7250-4827-8F89-223E2E16EAE8}
	EndGlobalSection
EndGlobal
