
Microsoft Visual Studio Solution File, Format Version 12.00
# Visual Studio 15
VisualStudioVersion = 15.0.28307.757
MinimumVisualStudioVersion = 10.0.40219.1
Project("{FAE04EC0-301F-11D3-BF4B-00C04F79EFBC}") = "Plugin", "Plugin\Plugin.csproj", "{A942F2A8-675C-47A1-AE73-2DF58CA5B15D}"
EndProject
Project("{FAE04EC0-301F-11D3-BF4B-00C04F79EFBC}") = "Customworkflows", "Customworkflows\Customworkflows.csproj", "{9C1C2271-166F-4CBE-96FC-88E5DBB546AB}"
EndProject
Project("{FAE04EC0-301F-11D3-BF4B-00C04F79EFBC}") = "ConsoleApp1", "ConsoleApp1\ConsoleApp1.csproj", "{488A82B6-89C0-4FEE-B278-E792B246D603}"
EndProject
Project("{FAE04EC0-301F-11D3-BF4B-00C04F79EFBC}") = "Insurance_Website", "Insurance_Website\Insurance_Website.csproj", "{CBCE9E6F-CCD6-4CF2-A30C-9219FFAD40DC}"
EndProject
Global
	GlobalSection(SolutionConfigurationPlatforms) = preSolution
		Debug|Any CPU = Debug|Any CPU
		Release|Any CPU = Release|Any CPU
	EndGlobalSection
	GlobalSection(ProjectConfigurationPlatforms) = postSolution
		{A942F2A8-675C-47A1-AE73-2DF58CA5B15D}.Debug|Any CPU.ActiveCfg = Debug|Any CPU
		{A942F2A8-675C-47A1-AE73-2DF58CA5B15D}.Debug|Any CPU.Build.0 = Debug|Any CPU
		{A942F2A8-675C-47A1-AE73-2DF58CA5B15D}.Release|Any CPU.ActiveCfg = Release|Any CPU
		{A942F2A8-675C-47A1-AE73-2DF58CA5B15D}.Release|Any CPU.Build.0 = Release|Any CPU
		{9C1C2271-166F-4CBE-96FC-88E5DBB546AB}.Debug|Any CPU.ActiveCfg = Debug|Any CPU
		{9C1C2271-166F-4CBE-96FC-88E5DBB546AB}.Debug|Any CPU.Build.0 = Debug|Any CPU
		{9C1C2271-166F-4CBE-96FC-88E5DBB546AB}.Release|Any CPU.ActiveCfg = Release|Any CPU
		{9C1C2271-166F-4CBE-96FC-88E5DBB546AB}.Release|Any CPU.Build.0 = Release|Any CPU
		{488A82B6-89C0-4FEE-B278-E792B246D603}.Debug|Any CPU.ActiveCfg = Debug|Any CPU
		{488A82B6-89C0-4FEE-B278-E792B246D603}.Debug|Any CPU.Build.0 = Debug|Any CPU
		{488A82B6-89C0-4FEE-B278-E792B246D603}.Release|Any CPU.ActiveCfg = Release|Any CPU
		{488A82B6-89C0-4FEE-B278-E792B246D603}.Release|Any CPU.Build.0 = Release|Any CPU
		{CBCE9E6F-CCD6-4CF2-A30C-9219FFAD40DC}.Debug|Any CPU.ActiveCfg = Debug|Any CPU
		{CBCE9E6F-CCD6-4CF2-A30C-9219FFAD40DC}.Debug|Any CPU.Build.0 = Debug|Any CPU
		{CBCE9E6F-CCD6-4CF2-A30C-9219FFAD40DC}.Release|Any CPU.ActiveCfg = Release|Any CPU
		{CBCE9E6F-CCD6-4CF2-A30C-9219FFAD40DC}.Release|Any CPU.Build.0 = Release|Any CPU
	EndGlobalSection
	GlobalSection(SolutionProperties) = preSolution
		HideSolutionNode = FALSE
	EndGlobalSection
	GlobalSection(ExtensibilityGlobals) = postSolution
		SolutionGuid = {9F7FA013-7250-4827-8F89-223E2E16EAE8}
	EndGlobalSection
EndGlobal
